
Microsoft Visual Studio Solution File, Format Version 12.00
# Visual Studio Version 17
VisualStudioVersion = 17.14.36109.1
MinimumVisualStudioVersion = 10.0.40219.1
Project("{FAE04EC0-301F-11D3-BF4B-00C04F79EFBC}") = "WebAPI", "WebAPI\WebAPI.csproj", "{09AAD959-53C1-4187-8281-511D9562968B}"
EndProject
Project("{FAE04EC0-301F-11D3-BF4B-00C04F79EFBC}") = "Model", "Model\Model.csproj", "{52070EF6-A77D-40DE-9606-1AA1E57C38D1}"
EndProject
Project("{FAE04EC0-301F-11D3-BF4B-00C04F79EFBC}") = "Data", "Data\Data.csproj", "{AE7BD2A7-27BB-449E-A34F-F18F8A582F55}"
EndProject
Project("{FAE04EC0-301F-11D3-BF4B-00C04F79EFBC}") = "Business", "Business\Business.csproj", "{FC602148-DFBB-4792-9E5F-8969D4937070}"
EndProject
Global
	GlobalSection(SolutionConfigurationPlatforms) = preSolution
		Debug|Any CPU = Debug|Any CPU
		Release|Any CPU = Release|Any CPU
	EndGlobalSection
	GlobalSection(ProjectConfigurationPlatforms) = postSolution
		{09AAD959-53C1-4187-8281-511D9562968B}.Debug|Any CPU.ActiveCfg = Debug|Any CPU
		{09AAD959-53C1-4187-8281-511D9562968B}.Debug|Any CPU.Build.0 = Debug|Any CPU
		{09AAD959-53C1-4187-8281-511D9562968B}.Release|Any CPU.ActiveCfg = Release|Any CPU
		{09AAD959-53C1-4187-8281-511D9562968B}.Release|Any CPU.Build.0 = Release|Any CPU
		{52070EF6-A77D-40DE-9606-1AA1E57C38D1}.Debug|Any CPU.ActiveCfg = Debug|Any CPU
		{52070EF6-A77D-40DE-9606-1AA1E57C38D1}.Debug|Any CPU.Build.0 = Debug|Any CPU
		{52070EF6-A77D-40DE-9606-1AA1E57C38D1}.Release|Any CPU.ActiveCfg = Release|Any CPU
		{52070EF6-A77D-40DE-9606-1AA1E57C38D1}.Release|Any CPU.Build.0 = Release|Any CPU
		{AE7BD2A7-27BB-449E-A34F-F18F8A582F55}.Debug|Any CPU.ActiveCfg = Debug|Any CPU
		{AE7BD2A7-27BB-449E-A34F-F18F8A582F55}.Debug|Any CPU.Build.0 = Debug|Any CPU
		{AE7BD2A7-27BB-449E-A34F-F18F8A582F55}.Release|Any CPU.ActiveCfg = Release|Any CPU
		{AE7BD2A7-27BB-449E-A34F-F18F8A582F55}.Release|Any CPU.Build.0 = Release|Any CPU
		{FC602148-DFBB-4792-9E5F-8969D4937070}.Debug|Any CPU.ActiveCfg = Debug|Any CPU
		{FC602148-DFBB-4792-9E5F-8969D4937070}.Debug|Any CPU.Build.0 = Debug|Any CPU
		{FC602148-DFBB-4792-9E5F-8969D4937070}.Release|Any CPU.ActiveCfg = Release|Any CPU
		{FC602148-DFBB-4792-9E5F-8969D4937070}.Release|Any CPU.Build.0 = Release|Any CPU
	EndGlobalSection
	GlobalSection(SolutionProperties) = preSolution
		HideSolutionNode = FALSE
	EndGlobalSection
	GlobalSection(ExtensibilityGlobals) = postSolution
		SolutionGuid = {B902F063-2287-4A39-8DCC-6BB279504038}
	EndGlobalSection
EndGlobal
